
Microsoft Visual Studio Solution File, Format Version 12.00
# Visual Studio Version 17
VisualStudioVersion = 17.14.36408.4 d17.14
MinimumVisualStudioVersion = 10.0.40219.1
Project("{FAE04EC0-301F-11D3-BF4B-00C04F79EFBC}") = "M07ParticipationStart", "M07ParticipationStart\M07ParticipationStart.csproj", "{9BCC6BBE-4175-49AB-B308-C4CFE74F8685}"
EndProject
Global
	GlobalSection(SolutionConfigurationPlatforms) = preSolution
		Debug|Any CPU = Debug|Any CPU
		Release|Any CPU = Release|Any CPU
	EndGlobalSection
	GlobalSection(ProjectConfigurationPlatforms) = postSolution
		{9BCC6BBE-4175-49AB-B308-C4CFE74F8685}.Debug|Any CPU.ActiveCfg = Debug|Any CPU
		{9BCC6BBE-4175-49AB-B308-C4CFE74F8685}.Debug|Any CPU.Build.0 = Debug|Any CPU
		{9BCC6BBE-4175-49AB-B308-C4CFE74F8685}.Debug|Any CPU.Deploy.0 = Debug|Any CPU
		{9BCC6BBE-4175-49AB-B308-C4CFE74F8685}.Release|Any CPU.ActiveCfg = Release|Any CPU
		{9BCC6BBE-4175-49AB-B308-C4CFE74F8685}.Release|Any CPU.Build.0 = Release|Any CPU
		{9BCC6BBE-4175-49AB-B308-C4CFE74F8685}.Release|Any CPU.Deploy.0 = Release|Any CPU
	EndGlobalSection
	GlobalSection(SolutionProperties) = preSolution
		HideSolutionNode = FALSE
	EndGlobalSection
	GlobalSection(ExtensibilityGlobals) = postSolution
		SolutionGuid = {A591F1FE-22B4-414D-8496-EE5EF5CC82D6}
	EndGlobalSection
EndGlobal
