
Microsoft Visual Studio Solution File, Format Version 12.00
# Visual Studio Version 17
VisualStudioVersion = 17.14.36414.22 d17.14
MinimumVisualStudioVersion = 10.0.40219.1
Project("{FAE04EC0-301F-11D3-BF4B-00C04F79EFBC}") = "2200_BarclayE_Assignment02", "2200_BarclayE_Assignment02\2200_BarclayE_Assignment02.csproj", "{B4A74D65-4CC1-46D0-AE43-BD17A8C9021C}"
EndProject
Global
	GlobalSection(SolutionConfigurationPlatforms) = preSolution
		Debug|Any CPU = Debug|Any CPU
		Release|Any CPU = Release|Any CPU
	EndGlobalSection
	GlobalSection(ProjectConfigurationPlatforms) = postSolution
		{B4A74D65-4CC1-46D0-AE43-BD17A8C9021C}.Debug|Any CPU.ActiveCfg = Debug|Any CPU
		{B4A74D65-4CC1-46D0-AE43-BD17A8C9021C}.Debug|Any CPU.Build.0 = Debug|Any CPU
		{B4A74D65-4CC1-46D0-AE43-BD17A8C9021C}.Release|Any CPU.ActiveCfg = Release|Any CPU
		{B4A74D65-4CC1-46D0-AE43-BD17A8C9021C}.Release|Any CPU.Build.0 = Release|Any CPU
	EndGlobalSection
	GlobalSection(SolutionProperties) = preSolution
		HideSolutionNode = FALSE
	EndGlobalSection
	GlobalSection(ExtensibilityGlobals) = postSolution
		SolutionGuid = {EBEA6F65-B78D-4FB4-A043-4FCA6D1BB90C}
	EndGlobalSection
EndGlobal
