
Microsoft Visual Studio Solution File, Format Version 12.00
# Visual Studio Version 17
VisualStudioVersion = 17.14.36221.1 d17.14
MinimumVisualStudioVersion = 10.0.40219.1
Project("{FAE04EC0-301F-11D3-BF4B-00C04F79EFBC}") = "EvanBarclayParticipation07", "EvanBarclayParticipation07\EvanBarclayParticipation07.csproj", "{85FDB16F-01AE-401E-9E6D-B42CF088ECAF}"
EndProject
Global
	GlobalSection(SolutionConfigurationPlatforms) = preSolution
		Debug|Any CPU = Debug|Any CPU
		Release|Any CPU = Release|Any CPU
	EndGlobalSection
	GlobalSection(ProjectConfigurationPlatforms) = postSolution
		{85FDB16F-01AE-401E-9E6D-B42CF088ECAF}.Debug|Any CPU.ActiveCfg = Debug|Any CPU
		{85FDB16F-01AE-401E-9E6D-B42CF088ECAF}.Debug|Any CPU.Build.0 = Debug|Any CPU
		{85FDB16F-01AE-401E-9E6D-B42CF088ECAF}.Release|Any CPU.ActiveCfg = Release|Any CPU
		{85FDB16F-01AE-401E-9E6D-B42CF088ECAF}.Release|Any CPU.Build.0 = Release|Any CPU
	EndGlobalSection
	GlobalSection(SolutionProperties) = preSolution
		HideSolutionNode = FALSE
	EndGlobalSection
	GlobalSection(ExtensibilityGlobals) = postSolution
		SolutionGuid = {B47C0A5A-3495-49D5-980E-7692A005856F}
	EndGlobalSection
EndGlobal
